
Microsoft Visual Studio Solution File, Format Version 12.00
# Visual Studio Version 17
VisualStudioVersion = 17.14.36518.9 d17.14
MinimumVisualStudioVersion = 10.0.40219.1
Project("{FAE04EC0-301F-11D3-BF4B-00C04F79EFBC}") = "RenovaVida", "RenovaVida\RenovaVida.csproj", "{5FE7C9C7-5DDE-4350-AB88-96E8185948F5}"
EndProject
Global
	GlobalSection(SolutionConfigurationPlatforms) = preSolution
		Debug|Any CPU = Debug|Any CPU
		Release|Any CPU = Release|Any CPU
	EndGlobalSection
	GlobalSection(ProjectConfigurationPlatforms) = postSolution
		{5FE7C9C7-5DDE-4350-AB88-96E8185948F5}.Debug|Any CPU.ActiveCfg = Debug|Any CPU
		{5FE7C9C7-5DDE-4350-AB88-96E8185948F5}.Debug|Any CPU.Build.0 = Debug|Any CPU
		{5FE7C9C7-5DDE-4350-AB88-96E8185948F5}.Release|Any CPU.ActiveCfg = Release|Any CPU
		{5FE7C9C7-5DDE-4350-AB88-96E8185948F5}.Release|Any CPU.Build.0 = Release|Any CPU
	EndGlobalSection
	GlobalSection(SolutionProperties) = preSolution
		HideSolutionNode = FALSE
	EndGlobalSection
	GlobalSection(ExtensibilityGlobals) = postSolution
		SolutionGuid = {8DFB0D83-6322-4362-B1B8-E4C353DB5D9D}
	EndGlobalSection
EndGlobal
